{
  "name": "preact-boilerplate",
  "version": "6.0.0",
  "lockfileVersion": 1,
  "requires": true,
  "dependencies": {
    "popper.js": {
      "version": "1.14.1",
      "resolved": "https://registry.npmjs.org/popper.js/-/popper.js-1.14.1.tgz",
      "integrity": "sha1-uIFeXNpvYvwgQuR2GGSfdYZuZ1M="
    },
    "react-hint": {
      "version": "3.0.1",
      "resolved": "https://registry.npmjs.org/react-hint/-/react-hint-3.0.1.tgz",
      "integrity": "sha512-5DgCYzWjkx0kA/PO1X6KXxCNsPVDkqIxhuKaFQ5rsfeLu41oC6yBQ7lIjaH7Q3NZBkDrGDXaEZBTG8/GjePqsg=="
    },
    "tippy.js": {
      "version": "1.4.2",
      "resolved": "https://registry.npmjs.org/tippy.js/-/tippy.js-1.4.2.tgz",
      "integrity": "sha512-rIcmkvnb77endzYfTh3inBB6BkSIjcKLmftQQxIvGp/HhWmfUVjGmcUC6HC5L9QZrWtt8dXL4c+IKcUoqjOC0w==",
      "requires": {
        "popper.js": "1.14.1"
      }
    }
  }
}
